
Microsoft Visual Studio Solution File, Format Version 12.00
# Visual Studio 2012
Project("{FAE04EC0-301F-11D3-BF4B-00C04F79EFBC}") = "ForTheFisherman", "ForTheFisherman\ForTheFisherman.csproj", "{2869F656-93FA-4920-A3C2-A70E8AD93681}"
EndProject
Global
	GlobalSection(SolutionConfigurationPlatforms) = preSolution
		Debug|Any CPU = Debug|Any CPU
		Release|Any CPU = Release|Any CPU
	EndGlobalSection
	GlobalSection(ProjectConfigurationPlatforms) = postSolution
		{2869F656-93FA-4920-A3C2-A70E8AD93681}.Debug|Any CPU.ActiveCfg = Debug|Any CPU
		{2869F656-93FA-4920-A3C2-A70E8AD93681}.Debug|Any CPU.Build.0 = Debug|Any CPU
		{2869F656-93FA-4920-A3C2-A70E8AD93681}.Release|Any CPU.ActiveCfg = Release|Any CPU
		{2869F656-93FA-4920-A3C2-A70E8AD93681}.Release|Any CPU.Build.0 = Release|Any CPU
	EndGlobalSection
	GlobalSection(SolutionProperties) = preSolution
		HideSolutionNode = FALSE
	EndGlobalSection
EndGlobal
